PODS:
  - Alamofire (5.4.0)
  - AlamofireImage (4.1.0):
    - Alamofire (~> 5.1)
  - Bolts-Swift (1.5.0)
  - Bolts/Tasks (1.9.1)
  - Parse (1.19.1):
    - Parse/Core (= 1.19.1)
  - Parse/Core (1.19.1):
    - Bolts/Tasks (= 1.9.1)
  - ParseLiveQuery (2.8.0):
    - Bolts-Swift (~> 1.5.0)
    - Parse (~> 1.19.0)
    - Starscream (~> 4.0.4)
  - Starscream (4.0.4)

DEPENDENCIES:
  - AlamofireImage
  - Parse
  - ParseLiveQuery (from `https://github.com/parse-community/ParseLiveQuery-iOS-OSX`, branch `master`)

SPEC REPOS:
  trunk:
    - Alamofire
    - AlamofireImage
    - Bolts
    - Bolts-Swift
    - Parse
    - Starscream

EXTERNAL SOURCES:
  ParseLiveQuery:
    :branch: master
    :git: https://github.com/parse-community/ParseLiveQuery-iOS-OSX

CHECKOUT OPTIONS:
  ParseLiveQuery:
    :commit: 96191042d721aadfddde41298120f87c2496f09b
    :git: https://github.com/parse-community/ParseLiveQuery-iOS-OSX

SPEC CHECKSUMS:
  Alamofire: 3b6a534a3df22db367e4dedeeca73d1ddfcf0e2f
  AlamofireImage: c4a2ba349885fb3064feb74d2e547bd42ce9be10
  Bolts: 8c1e8aab2f603387b8b9924f57d1d64f43d3ffdc
  Bolts-Swift: afbbaf8c8186e7f769be4afa656949c14087ba44
  Parse: e40fdb9c7d665823b7fe9865949cac9a53eb2ce7
  ParseLiveQuery: 366b5876aa20074ea7fea52446376e102447b5df
  Starscream: 5178aed56b316f13fa3bc55694e583d35dd414d9

PODFILE CHECKSUM: 00d1f2f06245296479102d8cd8976bc8b796f0b3

COCOAPODS: 1.8.4
